
Microsoft Visual Studio Solution File, Format Version 12.00
# Visual Studio Version 16
VisualStudioVersion = 16.0.30907.101
MinimumVisualStudioVersion = 10.0.40219.1
Project("{9A19103F-16F7-4668-BE54-9A1E7A4F7556}") = "Classlar", "Classlar.csproj", "{B1A88DDD-CF48-48D2-8A40-C66A43431AC1}"
EndProject
Global
	GlobalSection(SolutionConfigurationPlatforms) = preSolution
		Debug|Any CPU = Debug|Any CPU
		Release|Any CPU = Release|Any CPU
	EndGlobalSection
	GlobalSection(ProjectConfigurationPlatforms) = postSolution
		{B1A88DDD-CF48-48D2-8A40-C66A43431AC1}.Debug|Any CPU.ActiveCfg = Debug|Any CPU
		{B1A88DDD-CF48-48D2-8A40-C66A43431AC1}.Debug|Any CPU.Build.0 = Debug|Any CPU
		{B1A88DDD-CF48-48D2-8A40-C66A43431AC1}.Release|Any CPU.ActiveCfg = Release|Any CPU
		{B1A88DDD-CF48-48D2-8A40-C66A43431AC1}.Release|Any CPU.Build.0 = Release|Any CPU
	EndGlobalSection
	GlobalSection(SolutionProperties) = preSolution
		HideSolutionNode = FALSE
	EndGlobalSection
	GlobalSection(ExtensibilityGlobals) = postSolution
		SolutionGuid = {AAA54813-1C7F-49A9-AD9C-B8F53CEB04B4}
	EndGlobalSection
EndGlobal
